// !$*UTF8*$!
{
	archiveVersion = 1;
	classes = {
	};
	objectVersion = 46;
	objects = {

/* Begin PBXBuildFile section */
		84E19A0E1CE8D82300E3DFCD /* AppDelegate.swift in Sources */ = {isa = PBXBuildFile; fileRef = 84E19A0D1CE8D82300E3DFCD /* AppDelegate.swift */; };
		84E19A101CE8D82300E3DFCD /* ViewController.swift in Sources */ = {isa = PBXBuildFile; fileRef = 84E19A0F1CE8D82300E3DFCD /* ViewController.swift */; };
		84E19A131CE8D82300E3DFCD /* Main.storyboard in Resources */ = {isa = PBXBuildFile; fileRef = 84E19A111CE8D82300E3DFCD /* Main.storyboard */; };
		84E19A151CE8D82300E3DFCD /* Assets.xcassets in Resources */ = {isa = PBXBuildFile; fileRef = 84E19A141CE8D82300E3DFCD /* Assets.xcassets */; };
		84E19A181CE8D82300E3DFCD /* LaunchScreen.storyboard in Resources */ = {isa = PBXBuildFile; fileRef = 84E19A161CE8D82300E3DFCD /* LaunchScreen.storyboard */; };
		84E19A231CE8D82300E3DFCD /* CarQuizTests.swift in Sources */ = {isa = PBXBuildFile; fileRef = 84E19A221CE8D82300E3DFCD /* CarQuizTests.swift */; };
		84E19A2E1CE8D82300E3DFCD /* CarQuizUITests.swift in Sources */ = {isa = PBXBuildFile; fileRef = 84E19A2D1CE8D82300E3DFCD /* CarQuizUITests.swift */; };
/* End PBXBuildFile section */

/* Begin PBXContainerItemProxy section */
		84E19A1F1CE8D82300E3DFCD /* PBXContainerItemProxy */ = {
			isa = PBXContainerItemProxy;
			containerPortal = 84E19A021CE8D82300E3DFCD /* Project object */;
			proxyType = 1;
			remoteGlobalIDString = 84E19A091CE8D82300E3DFCD;
			remoteInfo = CarQuiz;
		};
		84E19A2A1CE8D82300E3DFCD /* PBXContainerItemProxy */ = {
			isa = PBXContainerItemProxy;
			containerPortal = 84E19A021CE8D82300E3DFCD /* Project object */;
			proxyType = 1;
			remoteGlobalIDString = 84E19A091CE8D82300E3DFCD;
			remoteInfo = CarQuiz;
		};
/* End PBXContainerItemProxy section */

/* Begin PBXFileReference section */
		84E19A0A1CE8D82300E3DFCD /* CarQuiz.app */ = {isa = PBXFileReference; explicitFileType = wrapper.application; includeInIndex = 0; path = CarQuiz.app; sourceTree = BUILT_PRODUCTS_DIR; };
		84E19A0D1CE8D82300E3DFCD /* AppDelegate.swift */ = {isa = PBXFileReference; lastKnownFileType = sourcecode.swift; path = AppDelegate.swift; sourceTree = "<group>"; };
		84E19A0F1CE8D82300E3DFCD /* ViewController.swift */ = {isa = PBXFileReference; lastKnownFileType = sourcecode.swift; path = ViewController.swift; sourceTree = "<group>"; };
		84E19A121CE8D82300E3DFCD /* Base */ = {isa = PBXFileReference; lastKnownFileType = file.storyboard; name = Base; path = Base.lproj/Main.storyboard; sourceTree = "<group>"; };
		84E19A141CE8D82300E3DFCD /* Assets.xcassets */ = {isa = PBXFileReference; lastKnownFileType = folder.assetcatalog; path = Assets.xcassets; sourceTree = "<group>"; };
		84E19A171CE8D82300E3DFCD /* Base */ = {isa = PBXFileReference; lastKnownFileType = file.storyboard; name = Base; path = Base.lproj/LaunchScreen.storyboard; sourceTree = "<group>"; };
		84E19A191CE8D82300E3DFCD /* Info.plist */ = {isa = PBXFileReference; lastKnownFileType = text.plist.xml; path = Info.plist; sourceTree = "<group>"; };
		84E19A1E1CE8D82300E3DFCD /* CarQuizTests.xctest */ = {isa = PBXFileReference; explicitFileType = wrapper.cfbundle; includeInIndex = 0; path = CarQuizTests.xctest; sourceTree = BUILT_PRODUCTS_DIR; };
		84E19A221CE8D82300E3DFCD /* CarQuizTests.swift */ = {isa = PBXFileReference; lastKnownFileType = sourcecode.swift; path = CarQuizTests.swift; sourceTree = "<group>"; };
		84E19A241CE8D82300E3DFCD /* Info.plist */ = {isa = PBXFileReference; lastKnownFileType = text.plist.xml; path = Info.plist; sourceTree = "<group>"; };
		84E19A291CE8D82300E3DFCD /* CarQuizUITests.xctest */ = {isa = PBXFileReference; explicitFileType = wrapper.cfbundle; includeInIndex = 0; path = CarQuizUITests.xctest; sourceTree = BUILT_PRODUCTS_DIR; };
		84E19A2D1CE8D82300E3DFCD /* CarQuizUITests.swift */ = {isa = PBXFileReference; lastKnownFileType = sourcecode.swift; path = CarQuizUITests.swift; sourceTree = "<group>"; };
		84E19A2F1CE8D82300E3DFCD /* Info.plist */ = {isa = PBXFileReference; lastKnownFileType = text.plist.xml; path = Info.plist; sourceTree = "<group>"; };
/* End PBXFileReference section */

/* Begin PBXFrameworksBuildPhase section */
		84E19A071CE8D82300E3DFCD /* Frameworks */ = {
			isa = PBXFrameworksBuildPhase;
			buildActionMask = 2147483647;
			files = (
			);
			runOnlyForDeploymentPostprocessing = 0;
		};
		84E19A1B1CE8D82300E3DFCD /* Frameworks */ = {
			isa = PBXFrameworksBuildPhase;
			buildActionMask = 2147483647;
			files = (
			);
			runOnlyForDeploymentPostprocessing = 0;
		};
		84E19A261CE8D82300E3DFCD /* Frameworks */ = {
			isa = PBXFrameworksBuildPhase;
			buildActionMask = 2147483647;
			files = (
			);
			runOnlyForDeploymentPostprocessing = 0;
		};
/* End PBXFrameworksBuildPhase section */

/* Begin PBXGroup section */
		84E19A011CE8D82300E3DFCD = {
			isa = PBXGroup;
			children = (
				84E19A0C1CE8D82300E3DFCD /* CarQuiz */,
				84E19A211CE8D82300E3DFCD /* CarQuizTests */,
				84E19A2C1CE8D82300E3DFCD /* CarQuizUITests */,
				84E19A0B1CE8D82300E3DFCD /* Products */,
			);
			sourceTree = "<group>";
		};
		84E19A0B1CE8D82300E3DFCD /* Products */ = {
			isa = PBXGroup;
			children = (
				84E19A0A1CE8D82300E3DFCD /* CarQuiz.app */,
				84E19A1E1CE8D82300E3DFCD /* CarQuizTests.xctest */,
				84E19A291CE8D82300E3DFCD /* CarQuizUITests.xctest */,
			);
			name = Products;
			sourceTree = "<group>";
		};
		84E19A0C1CE8D82300E3DFCD /* CarQuiz */ = {
			isa = PBXGroup;
			children = (
				84E19A0D1CE8D82300E3DFCD /* AppDelegate.swift */,
				84E19A0F1CE8D82300E3DFCD /* ViewController.swift */,
				84E19A111CE8D82300E3DFCD /* Main.storyboard */,
				84E19A141CE8D82300E3DFCD /* Assets.xcassets */,
				84E19A161CE8D82300E3DFCD /* LaunchScreen.storyboard */,
				84E19A191CE8D82300E3DFCD /* Info.plist */,
			);
			path = CarQuiz;
			sourceTree = "<group>";
		};
		84E19A211CE8D82300E3DFCD /* CarQuizTests */ = {
			isa = PBXGroup;
			children = (
				84E19A221CE8D82300E3DFCD /* CarQuizTests.swift */,
				84E19A241CE8D82300E3DFCD /* Info.plist */,
			);
			path = CarQuizTests;
			sourceTree = "<group>";
		};
		84E19A2C1CE8D82300E3DFCD /* CarQuizUITests */ = {
			isa = PBXGroup;
			children = (
				84E19A2D1CE8D82300E3DFCD /* CarQuizUITests.swift */,
				84E19A2F1CE8D82300E3DFCD /* Info.plist */,
			);
			path = CarQuizUITests;
			sourceTree = "<group>";
		};
/* End PBXGroup section */

/* Begin PBXNativeTarget section */
		84E19A091CE8D82300E3DFCD /* CarQuiz */ = {
			isa = PBXNativeTarget;
			buildConfigurationList = 84E19A321CE8D82300E3DFCD /* Build configuration list for PBXNativeTarget "CarQuiz" */;
			buildPhases = (
				84E19A061CE8D82300E3DFCD /* Sources */,
				84E19A071CE8D82300E3DFCD /* Frameworks */,
				84E19A081CE8D82300E3DFCD /* Resources */,
			);
			buildRules = (
			);
			dependencies = (
			);
			name = CarQuiz;
			productName = CarQuiz;
			productReference = 84E19A0A1CE8D82300E3DFCD /* CarQuiz.app */;
			productType = "com.apple.product-type.application";
		};
		84E19A1D1CE8D82300E3DFCD /* CarQuizTests */ = {
			isa = PBXNativeTarget;
			buildConfigurationList = 84E19A351CE8D82300E3DFCD /* Build configuration list for PBXNativeTarget "CarQuizTests" */;
			buildPhases = (
				84E19A1A1CE8D82300E3DFCD /* Sources */,
				84E19A1B1CE8D82300E3DFCD /* Frameworks */,
				84E19A1C1CE8D82300E3DFCD /* Resources */,
			);
			buildRules = (
			);
			dependencies = (
				84E19A201CE8D82300E3DFCD /* PBXTargetDependency */,
			);
			name = CarQuizTests;
			productName = CarQuizTests;
			productReference = 84E19A1E1CE8D82300E3DFCD /* CarQuizTests.xctest */;
			productType = "com.apple.product-type.bundle.unit-test";
		};
		84E19A281CE8D82300E3DFCD /* CarQuizUITests */ = {
			isa = PBXNativeTarget;
			buildConfigurationList = 84E19A381CE8D82300E3DFCD /* Build configuration list for PBXNativeTarget "CarQuizUITests" */;
			buildPhases = (
				84E19A251CE8D82300E3DFCD /* Sources */,
				84E19A261CE8D82300E3DFCD /* Frameworks */,
				84E19A271CE8D82300E3DFCD /* Resources */,
			);
			buildRules = (
			);
			dependencies = (
				84E19A2B1CE8D82300E3DFCD /* PBXTargetDependency */,
			);
			name = CarQuizUITests;
			productName = CarQuizUITests;
			productReference = 84E19A291CE8D82300E3DFCD /* CarQuizUITests.xctest */;
			productType = "com.apple.product-type.bundle.ui-testing";
		};
/* End PBXNativeTarget section */

/* Begin PBXProject section */
		84E19A021CE8D82300E3DFCD /* Project object */ = {
			isa = PBXProject;
			attributes = {
				LastUpgradeCheck = 0700;
				ORGANIZATIONNAME = "高田早記";
				TargetAttributes = {
					84E19A091CE8D82300E3DFCD = {
						CreatedOnToolsVersion = 7.0.1;
						DevelopmentTeam = 9VUNZHEC75;
					};
					84E19A1D1CE8D82300E3DFCD = {
						CreatedOnToolsVersion = 7.0.1;
						DevelopmentTeam = 9VUNZHEC75;
						TestTargetID = 84E19A091CE8D82300E3DFCD;
					};
					84E19A281CE8D82300E3DFCD = {
						CreatedOnToolsVersion = 7.0.1;
						DevelopmentTeam = 9VUNZHEC75;
						TestTargetID = 84E19A091CE8D82300E3DFCD;
					};
				};
			};
			buildConfigurationList = 84E19A051CE8D82300E3DFCD /* Build configuration list for PBXProject "CarQuiz" */;
			compatibilityVersion = "Xcode 3.2";
			developmentRegion = English;
			hasScannedForEncodings = 0;
			knownRegions = (
				en,
				Base,
			);
			mainGroup = 84E19A011CE8D82300E3DFCD;
			productRefGroup = 84E19A0B1CE8D82300E3DFCD /* Products */;
			projectDirPath = "";
			projectRoot = "";
			targets = (
				84E19A091CE8D82300E3DFCD /* CarQuiz */,
				84E19A1D1CE8D82300E3DFCD /* CarQuizTests */,
				84E19A281CE8D82300E3DFCD /* CarQuizUITests */,
			);
		};
/* End PBXProject section */

/* Begin PBXResourcesBuildPhase section */
		84E19A081CE8D82300E3DFCD /* Resources */ = {
			isa = PBXResourcesBuildPhase;
			buildActionMask = 2147483647;
			files = (
				84E19A181CE8D82300E3DFCD /* LaunchScreen.storyboard in Resources */,
				84E19A151CE8D82300E3DFCD /* Assets.xcassets in Resources */,
				84E19A131CE8D82300E3DFCD /* Main.storyboard in Resources */,
			);
			runOnlyForDeploymentPostprocessing = 0;
		};
		84E19A1C1CE8D82300E3DFCD /* Resources */ = {
			isa = PBXResourcesBuildPhase;
			buildActionMask = 2147483647;
			files = (
			);
			runOnlyForDeploymentPostprocessing = 0;
		};
		84E19A271CE8D82300E3DFCD /* Resources */ = {
			isa = PBXResourcesBuildPhase;
			buildActionMask = 2147483647;
			files = (
			);
			runOnlyForDeploymentPostprocessing = 0;
		};
/* End PBXResourcesBuildPhase section */

/* Begin PBXSourcesBuildPhase section */
		84E19A061CE8D82300E3DFCD /* Sources */ = {
			isa = PBXSourcesBuildPhase;
			buildActionMask = 2147483647;
			files = (
				84E19A101CE8D82300E3DFCD /* ViewController.swift in Sources */,
				84E19A0E1CE8D82300E3DFCD /* AppDelegate.swift in Sources */,
			);
			runOnlyForDeploymentPostprocessing = 0;
		};
		84E19A1A1CE8D82300E3DFCD /* Sources */ = {
			isa = PBXSourcesBuildPhase;
			buildActionMask = 2147483647;
			files = (
				84E19A231CE8D82300E3DFCD /* CarQuizTests.swift in Sources */,
			);
			runOnlyForDeploymentPostprocessing = 0;
		};
		84E19A251CE8D82300E3DFCD /* Sources */ = {
			isa = PBXSourcesBuildPhase;
			buildActionMask = 2147483647;
			files = (
				84E19A2E1CE8D82300E3DFCD /* CarQuizUITests.swift in Sources */,
			);
			runOnlyForDeploymentPostprocessing = 0;
		};
/* End PBXSourcesBuildPhase section */

/* Begin PBXTargetDependency section */
		84E19A201CE8D82300E3DFCD /* PBXTargetDependency */ = {
			isa = PBXTargetDependency;
			target = 84E19A091CE8D82300E3DFCD /* CarQuiz */;
			targetProxy = 84E19A1F1CE8D82300E3DFCD /* PBXContainerItemProxy */;
		};
		84E19A2B1CE8D82300E3DFCD /* PBXTargetDependency */ = {
			isa = PBXTargetDependency;
			target = 84E19A091CE8D82300E3DFCD /* CarQuiz */;
			targetProxy = 84E19A2A1CE8D82300E3DFCD /* PBXContainerItemProxy */;
		};
/* End PBXTargetDependency section */

/* Begin PBXVariantGroup section */
		84E19A111CE8D82300E3DFCD /* Main.storyboard */ = {
			isa = PBXVariantGroup;
			children = (
				84E19A121CE8D82300E3DFCD /* Base */,
			);
			name = Main.storyboard;
			sourceTree = "<group>";
		};
		84E19A161CE8D82300E3DFCD /* LaunchScreen.storyboard */ = {
			isa = PBXVariantGroup;
			children = (
				84E19A171CE8D82300E3DFCD /* Base */,
			);
			name = LaunchScreen.storyboard;
			sourceTree = "<group>";
		};
/* End PBXVariantGroup section */

/* Begin XCBuildConfiguration section */
		84E19A301CE8D82300E3DFCD /* Debug */ = {
			isa = XCBuildConfiguration;
			buildSettings = {
				ALWAYS_SEARCH_USER_PATHS = NO;
				CLANG_CXX_LANGUAGE_STANDARD = "gnu++0x";
				CLANG_CXX_LIBRARY = "libc++";
				CLANG_ENABLE_MODULES = YES;
				CLANG_ENABLE_OBJC_ARC = YES;
				CLANG_WARN_BOOL_CONVERSION = YES;
				CLANG_WARN_CONSTANT_CONVERSION = YES;
				CLANG_WARN_DIRECT_OBJC_ISA_USAGE = YES_ERROR;
				CLANG_WARN_EMPTY_BODY = YES;
				CLANG_WARN_ENUM_CONVERSION = YES;
				CLANG_WARN_INT_CONVERSION = YES;
				CLANG_WARN_OBJC_ROOT_CLASS = YES_ERROR;
				CLANG_WARN_UNREACHABLE_CODE = YES;
				CLANG_WARN__DUPLICATE_METHOD_MATCH = YES;
				"CODE_SIGN_IDENTITY[sdk=iphoneos*]" = "iPhone Developer";
				COPY_PHASE_STRIP = NO;
				DEBUG_INFORMATION_FORMAT = dwarf;
				ENABLE_STRICT_OBJC_MSGSEND = YES;
				ENABLE_TESTABILITY = YES;
				GCC_C_LANGUAGE_STANDARD = gnu99;
				GCC_DYNAMIC_NO_PIC = NO;
				GCC_NO_COMMON_BLOCKS = YES;
				GCC_OPTIMIZATION_LEVEL = 0;
				GCC_PREPROCESSOR_DEFINITIONS = (
					"DEBUG=1",
					"$(inherited)",
				);
				GCC_WARN_64_TO_32_BIT_CONVERSION = YES;
				GCC_WARN_ABOUT_RETURN_TYPE = YES_ERROR;
				GCC_WARN_UNDECLARED_SELECTOR = YES;
				GCC_WARN_UNINITIALIZED_AUTOS = YES_AGGRESSIVE;
				GCC_WARN_UNUSED_FUNCTION = YES;
				GCC_WARN_UNUSED_VARIABLE = YES;
				IPHONEOS_DEPLOYMENT_TARGET = 9.0;
				MTL_ENABLE_DEBUG_INFO = YES;
				ONLY_ACTIVE_ARCH = YES;
				SDKROOT = iphoneos;
				SWIFT_OPTIMIZATION_LEVEL = "-Onone";
			};
			name = Debug;
		};
		84E19A311CE8D82300E3DFCD /* Release */ = {
			isa = XCBuildConfiguration;
			buildSettings = {
				ALWAYS_SEARCH_USER_PATHS = NO;
				CLANG_CXX_LANGUAGE_STANDARD = "gnu++0x";
				CLANG_CXX_LIBRARY = "libc++";
				CLANG_ENABLE_MODULES = YES;
				CLANG_ENABLE_OBJC_ARC = YES;
				CLANG_WARN_BOOL_CONVERSION = YES;
				CLANG_WARN_CONSTANT_CONVERSION = YES;
				CLANG_WARN_DIRECT_OBJC_ISA_USAGE = YES_ERROR;
				CLANG_WARN_EMPTY_BODY = YES;
				CLANG_WARN_ENUM_CONVERSION = YES;
				CLANG_WARN_INT_CONVERSION = YES;
				CLANG_WARN_OBJC_ROOT_CLASS = YES_ERROR;
				CLANG_WARN_UNREACHABLE_CODE = YES;
				CLANG_WARN__DUPLICATE_METHOD_MATCH = YES;
				"CODE_SIGN_IDENTITY[sdk=iphoneos*]" = "iPhone Developer";
				COPY_PHASE_STRIP = NO;
				DEBUG_INFORMATION_FORMAT = "dwarf-with-dsym";
				ENABLE_NS_ASSERTIONS = NO;
				ENABLE_STRICT_OBJC_MSGSEND = YES;
				GCC_C_LANGUAGE_STANDARD = gnu99;
				GCC_NO_COMMON_BLOCKS = YES;
				GCC_WARN_64_TO_32_BIT_CONVERSION = YES;
				GCC_WARN_ABOUT_RETURN_TYPE = YES_ERROR;
				GCC_WARN_UNDECLARED_SELECTOR = YES;
				GCC_WARN_UNINITIALIZED_AUTOS = YES_AGGRESSIVE;
				GCC_WARN_UNUSED_FUNCTION = YES;
				GCC_WARN_UNUSED_VARIABLE = YES;
				IPHONEOS_DEPLOYMENT_TARGET = 9.0;
				MTL_ENABLE_DEBUG_INFO = NO;
				SDKROOT = iphoneos;
				VALIDATE_PRODUCT = YES;
			};
			name = Release;
		};
		84E19A331CE8D82300E3DFCD /* Debug */ = {
			isa = XCBuildConfiguration;
			buildSettings = {
				ASSETCATALOG_COMPILER_APPICON_NAME = AppIcon;
				INFOPLIST_FILE = CarQuiz/Info.plist;
				LD_RUNPATH_SEARCH_PATHS = "$(inherited) @executable_path/Frameworks";
				PRODUCT_BUNDLE_IDENTIFIER = com.litech.CarQuiz;
				PRODUCT_NAME = "$(TARGET_NAME)";
			};
			name = Debug;
		};
		84E19A341CE8D82300E3DFCD /* Release */ = {
			isa = XCBuildConfiguration;
			buildSettings = {
				ASSETCATALOG_COMPILER_APPICON_NAME = AppIcon;
				INFOPLIST_FILE = CarQuiz/Info.plist;
				LD_RUNPATH_SEARCH_PATHS = "$(inherited) @executable_path/Frameworks";
				PRODUCT_BUNDLE_IDENTIFIER = com.litech.CarQuiz;
				PRODUCT_NAME = "$(TARGET_NAME)";
			};
			name = Release;
		};
		84E19A361CE8D82300E3DFCD /* Debug */ = {
			isa = XCBuildConfiguration;
			buildSettings = {
				BUNDLE_LOADER = "$(TEST_HOST)";
				INFOPLIST_FILE = CarQuizTests/Info.plist;
				LD_RUNPATH_SEARCH_PATHS = "$(inherited) @executable_path/Frameworks @loader_path/Frameworks";
				PRODUCT_BUNDLE_IDENTIFIER = com.litech.CarQuizTests;
				PRODUCT_NAME = "$(TARGET_NAME)";
				TEST_HOST = "$(BUILT_PRODUCTS_DIR)/CarQuiz.app/CarQuiz";
			};
			name = Debug;
		};
		84E19A371CE8D82300E3DFCD /* Release */ = {
			isa = XCBuildConfiguration;
			buildSettings = {
				BUNDLE_LOADER = "$(TEST_HOST)";
				INFOPLIST_FILE = CarQuizTests/Info.plist;
				LD_RUNPATH_SEARCH_PATHS = "$(inherited) @executable_path/Frameworks @loader_path/Frameworks";
				PRODUCT_BUNDLE_IDENTIFIER = com.litech.CarQuizTests;
				PRODUCT_NAME = "$(TARGET_NAME)";
				TEST_HOST = "$(BUILT_PRODUCTS_DIR)/CarQuiz.app/CarQuiz";
			};
			name = Release;
		};
		84E19A391CE8D82300E3DFCD /* Debug */ = {
			isa = XCBuildConfiguration;
			buildSettings = {
				INFOPLIST_FILE = CarQuizUITests/Info.plist;
				LD_RUNPATH_SEARCH_PATHS = "$(inherited) @executable_path/Frameworks @loader_path/Frameworks";
				PRODUCT_BUNDLE_IDENTIFIER = com.litech.CarQuizUITests;
				PRODUCT_NAME = "$(TARGET_NAME)";
				TEST_TARGET_NAME = CarQuiz;
				USES_XCTRUNNER = YES;
			};
			name = Debug;
		};
		84E19A3A1CE8D82300E3DFCD /* Release */ = {
			isa = XCBuildConfiguration;
			buildSettings = {
				INFOPLIST_FILE = CarQuizUITests/Info.plist;
				LD_RUNPATH_SEARCH_PATHS = "$(inherited) @executable_path/Frameworks @loader_path/Frameworks";
				PRODUCT_BUNDLE_IDENTIFIER = com.litech.CarQuizUITests;
				PRODUCT_NAME = "$(TARGET_NAME)";
				TEST_TARGET_NAME = CarQuiz;
				USES_XCTRUNNER = YES;
			};
			name = Release;
		};
/* End XCBuildConfiguration section */

/* Begin XCConfigurationList section */
		84E19A051CE8D82300E3DFCD /* Build configuration list for PBXProject "CarQuiz" */ = {
			isa = XCConfigurationList;
			buildConfigurations = (
				84E19A301CE8D82300E3DFCD /* Debug */,
				84E19A311CE8D82300E3DFCD /* Release */,
			);
			defaultConfigurationIsVisible = 0;
			defaultConfigurationName = Release;
		};
		84E19A321CE8D82300E3DFCD /* Build configuration list for PBXNativeTarget "CarQuiz" */ = {
			isa = XCConfigurationList;
			buildConfigurations = (
				84E19A331CE8D82300E3DFCD /* Debug */,
				84E19A341CE8D82300E3DFCD /* Release */,
			);
			defaultConfigurationIsVisible = 0;
		};
		84E19A351CE8D82300E3DFCD /* Build configuration list for PBXNativeTarget "CarQuizTests" */ = {
			isa = XCConfigurationList;
			buildConfigurations = (
				84E19A361CE8D82300E3DFCD /* Debug */,
				84E19A371CE8D82300E3DFCD /* Release */,
			);
			defaultConfigurationIsVisible = 0;
		};
		84E19A381CE8D82300E3DFCD /* Build configuration list for PBXNativeTarget "CarQuizUITests" */ = {
			isa = XCConfigurationList;
			buildConfigurations = (
				84E19A391CE8D82300E3DFCD /* Debug */,
				84E19A3A1CE8D82300E3DFCD /* Release */,
			);
			defaultConfigurationIsVisible = 0;
		};
/* End XCConfigurationList section */
	};
	rootObject = 84E19A021CE8D82300E3DFCD /* Project object */;
}
